// !$*UTF8*$!
{
	archiveVersion = 1;
	classes = {
	};
	objectVersion = 55;
	objects = {

/* Begin PBXBuildFile section */
		E261DDC02795B8C50053A9C0 /* ArticlesNetworkRequests.swift in Sources */ = {isa = PBXBuildFile; fileRef = E261DDBF2795B8C50053A9C0 /* ArticlesNetworkRequests.swift */; };
		E261DDC32795B9440053A9C0 /* ObjectMapper in Frameworks */ = {isa = PBXBuildFile; productRef = E261DDC22795B9440053A9C0 /* ObjectMapper */; };
		E261DDC52795B96C0053A9C0 /* ArticlesNetworkRouter.swift in Sources */ = {isa = PBXBuildFile; fileRef = E261DDC42795B96C0053A9C0 /* ArticlesNetworkRouter.swift */; };
		E261DDC82795B9E80053A9C0 /* NetworkConstants.swift in Sources */ = {isa = PBXBuildFile; fileRef = E261DDC72795B9E80053A9C0 /* NetworkConstants.swift */; };
		E261DDCD2795BAF80053A9C0 /* Media.swift in Sources */ = {isa = PBXBuildFile; fileRef = E261DDC92795BAF80053A9C0 /* Media.swift */; };
		E261DDCE2795BAF90053A9C0 /* Article.swift in Sources */ = {isa = PBXBuildFile; fileRef = E261DDCA2795BAF80053A9C0 /* Article.swift */; };
		E261DDCF2795BAF90053A9C0 /* Media-metadata.swift in Sources */ = {isa = PBXBuildFile; fileRef = E261DDCB2795BAF80053A9C0 /* Media-metadata.swift */; };
		E261DDD02795BAF90053A9C0 /* Response.swift in Sources */ = {isa = PBXBuildFile; fileRef = E261DDCC2795BAF80053A9C0 /* Response.swift */; };
		E261DDD92795BE380053A9C0 /* ArticlesViewController.swift in Sources */ = {isa = PBXBuildFile; fileRef = E261DDD82795BE380053A9C0 /* ArticlesViewController.swift */; };
		E261DDDE2795BE9D0053A9C0 /* ArticleTableViewCell.swift in Sources */ = {isa = PBXBuildFile; fileRef = E261DDDC2795BE9D0053A9C0 /* ArticleTableViewCell.swift */; };
		E261DDDF2795BE9D0053A9C0 /* ArticleTableViewCell.xib in Resources */ = {isa = PBXBuildFile; fileRef = E261DDDD2795BE9D0053A9C0 /* ArticleTableViewCell.xib */; };
		E261DDE12795BED50053A9C0 /* ArticlesViewModel.swift in Sources */ = {isa = PBXBuildFile; fileRef = E261DDE02795BED50053A9C0 /* ArticlesViewModel.swift */; };
		E261DDE42795C8AE0053A9C0 /* Detail.swift in Sources */ = {isa = PBXBuildFile; fileRef = E261DDE22795C8AE0053A9C0 /* Detail.swift */; };
		E261DDE52795C8AE0053A9C0 /* Fault.swift in Sources */ = {isa = PBXBuildFile; fileRef = E261DDE32795C8AE0053A9C0 /* Fault.swift */; };
		E261DDE82795CA9D0053A9C0 /* UIViewController + Extension.swift in Sources */ = {isa = PBXBuildFile; fileRef = E261DDE72795CA9D0053A9C0 /* UIViewController + Extension.swift */; };
		E2EC0CC52794CFFB00F38784 /* AppDelegate.swift in Sources */ = {isa = PBXBuildFile; fileRef = E2EC0CC42794CFFB00F38784 /* AppDelegate.swift */; };
		E2EC0CC72794CFFB00F38784 /* SceneDelegate.swift in Sources */ = {isa = PBXBuildFile; fileRef = E2EC0CC62794CFFB00F38784 /* SceneDelegate.swift */; };
		E2EC0CCC2794CFFB00F38784 /* Main.storyboard in Resources */ = {isa = PBXBuildFile; fileRef = E2EC0CCA2794CFFB00F38784 /* Main.storyboard */; };
		E2EC0CCE2794CFFF00F38784 /* Assets.xcassets in Resources */ = {isa = PBXBuildFile; fileRef = E2EC0CCD2794CFFF00F38784 /* Assets.xcassets */; };
		E2EC0CD12794CFFF00F38784 /* LaunchScreen.storyboard in Resources */ = {isa = PBXBuildFile; fileRef = E2EC0CCF2794CFFF00F38784 /* LaunchScreen.storyboard */; };
		E2EC0CDC2794CFFF00F38784 /* NYTimesArticlesTests.swift in Sources */ = {isa = PBXBuildFile; fileRef = E2EC0CDB2794CFFF00F38784 /* NYTimesArticlesTests.swift */; };
		E2EC0CE62794CFFF00F38784 /* NYTimesArticlesUITests.swift in Sources */ = {isa = PBXBuildFile; fileRef = E2EC0CE52794CFFF00F38784 /* NYTimesArticlesUITests.swift */; };
		E2EC0CE82794CFFF00F38784 /* NYTimesArticlesUITestsLaunchTests.swift in Sources */ = {isa = PBXBuildFile; fileRef = E2EC0CE72794CFFF00F38784 /* NYTimesArticlesUITestsLaunchTests.swift */; };
		E2EC0CF62794D39300F38784 /* RxCocoa in Frameworks */ = {isa = PBXBuildFile; productRef = E2EC0CF52794D39300F38784 /* RxCocoa */; };
		E2EC0CF82794D39300F38784 /* RxSwift in Frameworks */ = {isa = PBXBuildFile; productRef = E2EC0CF72794D39300F38784 /* RxSwift */; };
		E2EC0CFB2794D3AE00F38784 /* Alamofire in Frameworks */ = {isa = PBXBuildFile; productRef = E2EC0CFA2794D3AE00F38784 /* Alamofire */; };
		E2EC0CFE2794D42400F38784 /* MBProgressHUD in Frameworks */ = {isa = PBXBuildFile; productRef = E2EC0CFD2794D42400F38784 /* MBProgressHUD */; };
		E2EC0D012794D47400F38784 /* Kingfisher in Frameworks */ = {isa = PBXBuildFile; productRef = E2EC0D002794D47400F38784 /* Kingfisher */; };
/* End PBXBuildFile section */

/* Begin PBXContainerItemProxy section */
		E2EC0CD82794CFFF00F38784 /* PBXContainerItemProxy */ = {
			isa = PBXContainerItemProxy;
			containerPortal = E2EC0CB92794CFFB00F38784 /* Project object */;
			proxyType = 1;
			remoteGlobalIDString = E2EC0CC02794CFFB00F38784;
			remoteInfo = NYTimesArticles;
		};
		E2EC0CE22794CFFF00F38784 /* PBXContainerItemProxy */ = {
			isa = PBXContainerItemProxy;
			containerPortal = E2EC0CB92794CFFB00F38784 /* Project object */;
			proxyType = 1;
			remoteGlobalIDString = E2EC0CC02794CFFB00F38784;
			remoteInfo = NYTimesArticles;
		};
/* End PBXContainerItemProxy section */

/* Begin PBXFileReference section */
		E261DDBF2795B8C50053A9C0 /* ArticlesNetworkRequests.swift */ = {isa = PBXFileReference; lastKnownFileType = sourcecode.swift; path = ArticlesNetworkRequests.swift; sourceTree = "<group>"; };
		E261DDC42795B96C0053A9C0 /* ArticlesNetworkRouter.swift */ = {isa = PBXFileReference; lastKnownFileType = sourcecode.swift; path = ArticlesNetworkRouter.swift; sourceTree = "<group>"; };
		E261DDC72795B9E80053A9C0 /* NetworkConstants.swift */ = {isa = PBXFileReference; lastKnownFileType = sourcecode.swift; path = NetworkConstants.swift; sourceTree = "<group>"; };
		E261DDC92795BAF80053A9C0 /* Media.swift */ = {isa = PBXFileReference; fileEncoding = 4; lastKnownFileType = sourcecode.swift; path = Media.swift; sourceTree = "<group>"; };
		E261DDCA2795BAF80053A9C0 /* Article.swift */ = {isa = PBXFileReference; fileEncoding = 4; lastKnownFileType = sourcecode.swift; path = Article.swift; sourceTree = "<group>"; };
		E261DDCB2795BAF80053A9C0 /* Media-metadata.swift */ = {isa = PBXFileReference; fileEncoding = 4; lastKnownFileType = sourcecode.swift; path = "Media-metadata.swift"; sourceTree = "<group>"; };
		E261DDCC2795BAF80053A9C0 /* Response.swift */ = {isa = PBXFileReference; fileEncoding = 4; lastKnownFileType = sourcecode.swift; path = Response.swift; sourceTree = "<group>"; };
		E261DDD82795BE380053A9C0 /* ArticlesViewController.swift */ = {isa = PBXFileReference; lastKnownFileType = sourcecode.swift; path = ArticlesViewController.swift; sourceTree = "<group>"; };
		E261DDDC2795BE9D0053A9C0 /* ArticleTableViewCell.swift */ = {isa = PBXFileReference; lastKnownFileType = sourcecode.swift; path = ArticleTableViewCell.swift; sourceTree = "<group>"; };
		E261DDDD2795BE9D0053A9C0 /* ArticleTableViewCell.xib */ = {isa = PBXFileReference; lastKnownFileType = file.xib; path = ArticleTableViewCell.xib; sourceTree = "<group>"; };
		E261DDE02795BED50053A9C0 /* ArticlesViewModel.swift */ = {isa = PBXFileReference; lastKnownFileType = sourcecode.swift; path = ArticlesViewModel.swift; sourceTree = "<group>"; };
		E261DDE22795C8AE0053A9C0 /* Detail.swift */ = {isa = PBXFileReference; fileEncoding = 4; lastKnownFileType = sourcecode.swift; path = Detail.swift; sourceTree = "<group>"; };
		E261DDE32795C8AE0053A9C0 /* Fault.swift */ = {isa = PBXFileReference; fileEncoding = 4; lastKnownFileType = sourcecode.swift; path = Fault.swift; sourceTree = "<group>"; };
		E261DDE72795CA9D0053A9C0 /* UIViewController + Extension.swift */ = {isa = PBXFileReference; lastKnownFileType = sourcecode.swift; path = "UIViewController + Extension.swift"; sourceTree = "<group>"; };
		E2EC0CC12794CFFB00F38784 /* NYTimesArticles.app */ = {isa = PBXFileReference; explicitFileType = wrapper.application; includeInIndex = 0; path = NYTimesArticles.app; sourceTree = BUILT_PRODUCTS_DIR; };
		E2EC0CC42794CFFB00F38784 /* AppDelegate.swift */ = {isa = PBXFileReference; lastKnownFileType = sourcecode.swift; path = AppDelegate.swift; sourceTree = "<group>"; };
		E2EC0CC62794CFFB00F38784 /* SceneDelegate.swift */ = {isa = PBXFileReference; lastKnownFileType = sourcecode.swift; path = SceneDelegate.swift; sourceTree = "<group>"; };
		E2EC0CCB2794CFFB00F38784 /* Base */ = {isa = PBXFileReference; lastKnownFileType = file.storyboard; name = Base; path = Base.lproj/Main.storyboard; sourceTree = "<group>"; };
		E2EC0CCD2794CFFF00F38784 /* Assets.xcassets */ = {isa = PBXFileReference; lastKnownFileType = folder.assetcatalog; path = Assets.xcassets; sourceTree = "<group>"; };
		E2EC0CD02794CFFF00F38784 /* Base */ = {isa = PBXFileReference; lastKnownFileType = file.storyboard; name = Base; path = Base.lproj/LaunchScreen.storyboard; sourceTree = "<group>"; };
		E2EC0CD22794CFFF00F38784 /* Info.plist */ = {isa = PBXFileReference; lastKnownFileType = text.plist.xml; path = Info.plist; sourceTree = "<group>"; };
		E2EC0CD72794CFFF00F38784 /* NYTimesArticlesTests.xctest */ = {isa = PBXFileReference; explicitFileType = wrapper.cfbundle; includeInIndex = 0; path = NYTimesArticlesTests.xctest; sourceTree = BUILT_PRODUCTS_DIR; };
		E2EC0CDB2794CFFF00F38784 /* NYTimesArticlesTests.swift */ = {isa = PBXFileReference; lastKnownFileType = sourcecode.swift; path = NYTimesArticlesTests.swift; sourceTree = "<group>"; };
		E2EC0CE12794CFFF00F38784 /* NYTimesArticlesUITests.xctest */ = {isa = PBXFileReference; explicitFileType = wrapper.cfbundle; includeInIndex = 0; path = NYTimesArticlesUITests.xctest; sourceTree = BUILT_PRODUCTS_DIR; };
		E2EC0CE52794CFFF00F38784 /* NYTimesArticlesUITests.swift */ = {isa = PBXFileReference; lastKnownFileType = sourcecode.swift; path = NYTimesArticlesUITests.swift; sourceTree = "<group>"; };
		E2EC0CE72794CFFF00F38784 /* NYTimesArticlesUITestsLaunchTests.swift */ = {isa = PBXFileReference; lastKnownFileType = sourcecode.swift; path = NYTimesArticlesUITestsLaunchTests.swift; sourceTree = "<group>"; };
/* End PBXFileReference section */

/* Begin PBXFrameworksBuildPhase section */
		E2EC0CBE2794CFFB00F38784 /* Frameworks */ = {
			isa = PBXFrameworksBuildPhase;
			buildActionMask = 2147483647;
			files = (
				E261DDC32795B9440053A9C0 /* ObjectMapper in Frameworks */,
				E2EC0CFB2794D3AE00F38784 /* Alamofire in Frameworks */,
				E2EC0CF82794D39300F38784 /* RxSwift in Frameworks */,
				E2EC0CFE2794D42400F38784 /* MBProgressHUD in Frameworks */,
				E2EC0CF62794D39300F38784 /* RxCocoa in Frameworks */,
				E2EC0D012794D47400F38784 /* Kingfisher in Frameworks */,
			);
			runOnlyForDeploymentPostprocessing = 0;
		};
		E2EC0CD42794CFFF00F38784 /* Frameworks */ = {
			isa = PBXFrameworksBuildPhase;
			buildActionMask = 2147483647;
			files = (
			);
			runOnlyForDeploymentPostprocessing = 0;
		};
		E2EC0CDE2794CFFF00F38784 /* Frameworks */ = {
			isa = PBXFrameworksBuildPhase;
			buildActionMask = 2147483647;
			files = (
			);
			runOnlyForDeploymentPostprocessing = 0;
		};
/* End PBXFrameworksBuildPhase section */

/* Begin PBXGroup section */
		E261DDBC2795B87A0053A9C0 /* Network */ = {
			isa = PBXGroup;
			children = (
				E261DDBE2795B89F0053A9C0 /* Articles */,
			);
			path = Network;
			sourceTree = "<group>";
		};
		E261DDBE2795B89F0053A9C0 /* Articles */ = {
			isa = PBXGroup;
			children = (
				E261DDBF2795B8C50053A9C0 /* ArticlesNetworkRequests.swift */,
				E261DDC42795B96C0053A9C0 /* ArticlesNetworkRouter.swift */,
			);
			path = Articles;
			sourceTree = "<group>";
		};
		E261DDC62795B9D80053A9C0 /* Constants */ = {
			isa = PBXGroup;
			children = (
				E261DDC72795B9E80053A9C0 /* NetworkConstants.swift */,
			);
			path = Constants;
			sourceTree = "<group>";
		};
		E261DDD12795BD3C0053A9C0 /* core */ = {
			isa = PBXGroup;
			children = (
				E2EC0CC42794CFFB00F38784 /* AppDelegate.swift */,
				E2EC0CC62794CFFB00F38784 /* SceneDelegate.swift */,
			);
			path = core;
			sourceTree = "<group>";
		};
		E261DDD22795BD500053A9C0 /* Resources */ = {
			isa = PBXGroup;
			children = (
				E2EC0CCD2794CFFF00F38784 /* Assets.xcassets */,
				E2EC0CCF2794CFFF00F38784 /* LaunchScreen.storyboard */,
			);
			path = Resources;
			sourceTree = "<group>";
		};
		E261DDD32795BD900053A9C0 /* Scenes */ = {
			isa = PBXGroup;
			children = (
				E261DDD42795BD940053A9C0 /* Articles */,
			);
			path = Scenes;
			sourceTree = "<group>";
		};
		E261DDD42795BD940053A9C0 /* Articles */ = {
			isa = PBXGroup;
			children = (
				E261DDD72795BDC70053A9C0 /* Model */,
				E261DDD62795BDB90053A9C0 /* View */,
				E261DDD52795BDAB0053A9C0 /* ViewModel */,
			);
			path = Articles;
			sourceTree = "<group>";
		};
		E261DDD52795BDAB0053A9C0 /* ViewModel */ = {
			isa = PBXGroup;
			children = (
				E261DDE02795BED50053A9C0 /* ArticlesViewModel.swift */,
			);
			path = ViewModel;
			sourceTree = "<group>";
		};
		E261DDD62795BDB90053A9C0 /* View */ = {
			isa = PBXGroup;
			children = (
				E261DDDB2795BE7B0053A9C0 /* Cell */,
				E261DDDA2795BE650053A9C0 /* Storyboard + Controller */,
			);
			path = View;
			sourceTree = "<group>";
		};
		E261DDD72795BDC70053A9C0 /* Model */ = {
			isa = PBXGroup;
			children = (
				E261DDCC2795BAF80053A9C0 /* Response.swift */,
				E261DDCB2795BAF80053A9C0 /* Media-metadata.swift */,
				E261DDC92795BAF80053A9C0 /* Media.swift */,
				E261DDCA2795BAF80053A9C0 /* Article.swift */,
				E261DDE22795C8AE0053A9C0 /* Detail.swift */,
				E261DDE32795C8AE0053A9C0 /* Fault.swift */,
			);
			path = Model;
			sourceTree = "<group>";
		};
		E261DDDA2795BE650053A9C0 /* Storyboard + Controller */ = {
			isa = PBXGroup;
			children = (
				E2EC0CCA2794CFFB00F38784 /* Main.storyboard */,
				E261DDD82795BE380053A9C0 /* ArticlesViewController.swift */,
			);
			path = "Storyboard + Controller";
			sourceTree = "<group>";
		};
		E261DDDB2795BE7B0053A9C0 /* Cell */ = {
			isa = PBXGroup;
			children = (
				E261DDDC2795BE9D0053A9C0 /* ArticleTableViewCell.swift */,
				E261DDDD2795BE9D0053A9C0 /* ArticleTableViewCell.xib */,
			);
			path = Cell;
			sourceTree = "<group>";
		};
		E261DDE62795CA800053A9C0 /* Extensions */ = {
			isa = PBXGroup;
			children = (
				E261DDE72795CA9D0053A9C0 /* UIViewController + Extension.swift */,
			);
			path = Extensions;
			sourceTree = "<group>";
		};
		E2EC0CB82794CFFB00F38784 = {
			isa = PBXGroup;
			children = (
				E2EC0CC32794CFFB00F38784 /* NYTimesArticles */,
				E2EC0CDA2794CFFF00F38784 /* NYTimesArticlesTests */,
				E2EC0CE42794CFFF00F38784 /* NYTimesArticlesUITests */,
				E2EC0CC22794CFFB00F38784 /* Products */,
			);
			sourceTree = "<group>";
		};
		E2EC0CC22794CFFB00F38784 /* Products */ = {
			isa = PBXGroup;
			children = (
				E2EC0CC12794CFFB00F38784 /* NYTimesArticles.app */,
				E2EC0CD72794CFFF00F38784 /* NYTimesArticlesTests.xctest */,
				E2EC0CE12794CFFF00F38784 /* NYTimesArticlesUITests.xctest */,
			);
			name = Products;
			sourceTree = "<group>";
		};
		E2EC0CC32794CFFB00F38784 /* NYTimesArticles */ = {
			isa = PBXGroup;
			children = (
				E261DDE62795CA800053A9C0 /* Extensions */,
				E261DDD32795BD900053A9C0 /* Scenes */,
				E261DDD22795BD500053A9C0 /* Resources */,
				E261DDD12795BD3C0053A9C0 /* core */,
				E261DDC62795B9D80053A9C0 /* Constants */,
				E261DDBC2795B87A0053A9C0 /* Network */,
				E2EC0CD22794CFFF00F38784 /* Info.plist */,
			);
			path = NYTimesArticles;
			sourceTree = "<group>";
		};
		E2EC0CDA2794CFFF00F38784 /* NYTimesArticlesTests */ = {
			isa = PBXGroup;
			children = (
				E2EC0CDB2794CFFF00F38784 /* NYTimesArticlesTests.swift */,
			);
			path = NYTimesArticlesTests;
			sourceTree = "<group>";
		};
		E2EC0CE42794CFFF00F38784 /* NYTimesArticlesUITests */ = {
			isa = PBXGroup;
			children = (
				E2EC0CE52794CFFF00F38784 /* NYTimesArticlesUITests.swift */,
				E2EC0CE72794CFFF00F38784 /* NYTimesArticlesUITestsLaunchTests.swift */,
			);
			path = NYTimesArticlesUITests;
			sourceTree = "<group>";
		};
/* End PBXGroup section */

/* Begin PBXNativeTarget section */
		E2EC0CC02794CFFB00F38784 /* NYTimesArticles */ = {
			isa = PBXNativeTarget;
			buildConfigurationList = E2EC0CEB2794CFFF00F38784 /* Build configuration list for PBXNativeTarget "NYTimesArticles" */;
			buildPhases = (
				E2EC0CBD2794CFFB00F38784 /* Sources */,
				E2EC0CBE2794CFFB00F38784 /* Frameworks */,
				E2EC0CBF2794CFFB00F38784 /* Resources */,
			);
			buildRules = (
			);
			dependencies = (
			);
			name = NYTimesArticles;
			packageProductDependencies = (
				E2EC0CF52794D39300F38784 /* RxCocoa */,
				E2EC0CF72794D39300F38784 /* RxSwift */,
				E2EC0CFA2794D3AE00F38784 /* Alamofire */,
				E2EC0CFD2794D42400F38784 /* MBProgressHUD */,
				E2EC0D002794D47400F38784 /* Kingfisher */,
				E261DDC22795B9440053A9C0 /* ObjectMapper */,
			);
			productName = NYTimesArticles;
			productReference = E2EC0CC12794CFFB00F38784 /* NYTimesArticles.app */;
			productType = "com.apple.product-type.application";
		};
		E2EC0CD62794CFFF00F38784 /* NYTimesArticlesTests */ = {
			isa = PBXNativeTarget;
			buildConfigurationList = E2EC0CEE2794CFFF00F38784 /* Build configuration list for PBXNativeTarget "NYTimesArticlesTests" */;
			buildPhases = (
				E2EC0CD32794CFFF00F38784 /* Sources */,
				E2EC0CD42794CFFF00F38784 /* Frameworks */,
				E2EC0CD52794CFFF00F38784 /* Resources */,
			);
			buildRules = (
			);
			dependencies = (
				E2EC0CD92794CFFF00F38784 /* PBXTargetDependency */,
			);
			name = NYTimesArticlesTests;
			productName = NYTimesArticlesTests;
			productReference = E2EC0CD72794CFFF00F38784 /* NYTimesArticlesTests.xctest */;
			productType = "com.apple.product-type.bundle.unit-test";
		};
		E2EC0CE02794CFFF00F38784 /* NYTimesArticlesUITests */ = {
			isa = PBXNativeTarget;
			buildConfigurationList = E2EC0CF12794CFFF00F38784 /* Build configuration list for PBXNativeTarget "NYTimesArticlesUITests" */;
			buildPhases = (
				E2EC0CDD2794CFFF00F38784 /* Sources */,
				E2EC0CDE2794CFFF00F38784 /* Frameworks */,
				E2EC0CDF2794CFFF00F38784 /* Resources */,
			);
			buildRules = (
			);
			dependencies = (
				E2EC0CE32794CFFF00F38784 /* PBXTargetDependency */,
			);
			name = NYTimesArticlesUITests;
			productName = NYTimesArticlesUITests;
			productReference = E2EC0CE12794CFFF00F38784 /* NYTimesArticlesUITests.xctest */;
			productType = "com.apple.product-type.bundle.ui-testing";
		};
/* End PBXNativeTarget section */

/* Begin PBXProject section */
		E2EC0CB92794CFFB00F38784 /* Project object */ = {
			isa = PBXProject;
			attributes = {
				BuildIndependentTargetsInParallel = 1;
				LastSwiftUpdateCheck = 1310;
				LastUpgradeCheck = 1310;
				TargetAttributes = {
					E2EC0CC02794CFFB00F38784 = {
						CreatedOnToolsVersion = 13.1;
					};
					E2EC0CD62794CFFF00F38784 = {
						CreatedOnToolsVersion = 13.1;
						TestTargetID = E2EC0CC02794CFFB00F38784;
					};
					E2EC0CE02794CFFF00F38784 = {
						CreatedOnToolsVersion = 13.1;
						TestTargetID = E2EC0CC02794CFFB00F38784;
					};
				};
			};
			buildConfigurationList = E2EC0CBC2794CFFB00F38784 /* Build configuration list for PBXProject "NYTimesArticles" */;
			compatibilityVersion = "Xcode 13.0";
			developmentRegion = en;
			hasScannedForEncodings = 0;
			knownRegions = (
				en,
				Base,
			);
			mainGroup = E2EC0CB82794CFFB00F38784;
			packageReferences = (
				E2EC0CF42794D39300F38784 /* XCRemoteSwiftPackageReference "RxSwift" */,
				E2EC0CF92794D3AE00F38784 /* XCRemoteSwiftPackageReference "Alamofire" */,
				E2EC0CFC2794D42400F38784 /* XCRemoteSwiftPackageReference "MBProgressHUD" */,
				E2EC0CFF2794D47400F38784 /* XCRemoteSwiftPackageReference "Kingfisher" */,
				E261DDC12795B9440053A9C0 /* XCRemoteSwiftPackageReference "ObjectMapper" */,
			);
			productRefGroup = E2EC0CC22794CFFB00F38784 /* Products */;
			projectDirPath = "";
			projectRoot = "";
			targets = (
				E2EC0CC02794CFFB00F38784 /* NYTimesArticles */,
				E2EC0CD62794CFFF00F38784 /* NYTimesArticlesTests */,
				E2EC0CE02794CFFF00F38784 /* NYTimesArticlesUITests */,
			);
		};
/* End PBXProject section */

/* Begin PBXResourcesBuildPhase section */
		E2EC0CBF2794CFFB00F38784 /* Resources */ = {
			isa = PBXResourcesBuildPhase;
			buildActionMask = 2147483647;
			files = (
				E261DDDF2795BE9D0053A9C0 /* ArticleTableViewCell.xib in Resources */,
				E2EC0CD12794CFFF00F38784 /* LaunchScreen.storyboard in Resources */,
				E2EC0CCE2794CFFF00F38784 /* Assets.xcassets in Resources */,
				E2EC0CCC2794CFFB00F38784 /* Main.storyboard in Resources */,
			);
			runOnlyForDeploymentPostprocessing = 0;
		};
		E2EC0CD52794CFFF00F38784 /* Resources */ = {
			isa = PBXResourcesBuildPhase;
			buildActionMask = 2147483647;
			files = (
			);
			runOnlyForDeploymentPostprocessing = 0;
		};
		E2EC0CDF2794CFFF00F38784 /* Resources */ = {
			isa = PBXResourcesBuildPhase;
			buildActionMask = 2147483647;
			files = (
			);
			runOnlyForDeploymentPostprocessing = 0;
		};
/* End PBXResourcesBuildPhase section */

/* Begin PBXSourcesBuildPhase section */
		E2EC0CBD2794CFFB00F38784 /* Sources */ = {
			isa = PBXSourcesBuildPhase;
			buildActionMask = 2147483647;
			files = (
				E261DDD92795BE380053A9C0 /* ArticlesViewController.swift in Sources */,
				E261DDE82795CA9D0053A9C0 /* UIViewController + Extension.swift in Sources */,
				E261DDC82795B9E80053A9C0 /* NetworkConstants.swift in Sources */,
				E261DDCF2795BAF90053A9C0 /* Media-metadata.swift in Sources */,
				E261DDD02795BAF90053A9C0 /* Response.swift in Sources */,
				E261DDCE2795BAF90053A9C0 /* Article.swift in Sources */,
				E261DDE12795BED50053A9C0 /* ArticlesViewModel.swift in Sources */,
				E261DDE52795C8AE0053A9C0 /* Fault.swift in Sources */,
				E261DDDE2795BE9D0053A9C0 /* ArticleTableViewCell.swift in Sources */,
				E261DDCD2795BAF80053A9C0 /* Media.swift in Sources */,
				E261DDC02795B8C50053A9C0 /* ArticlesNetworkRequests.swift in Sources */,
				E2EC0CC52794CFFB00F38784 /* AppDelegate.swift in Sources */,
				E2EC0CC72794CFFB00F38784 /* SceneDelegate.swift in Sources */,
				E261DDC52795B96C0053A9C0 /* ArticlesNetworkRouter.swift in Sources */,
				E261DDE42795C8AE0053A9C0 /* Detail.swift in Sources */,
			);
			runOnlyForDeploymentPostprocessing = 0;
		};
		E2EC0CD32794CFFF00F38784 /* Sources */ = {
			isa = PBXSourcesBuildPhase;
			buildActionMask = 2147483647;
			files = (
				E2EC0CDC2794CFFF00F38784 /* NYTimesArticlesTests.swift in Sources */,
			);
			runOnlyForDeploymentPostprocessing = 0;
		};
		E2EC0CDD2794CFFF00F38784 /* Sources */ = {
			isa = PBXSourcesBuildPhase;
			buildActionMask = 2147483647;
			files = (
				E2EC0CE62794CFFF00F38784 /* NYTimesArticlesUITests.swift in Sources */,
				E2EC0CE82794CFFF00F38784 /* NYTimesArticlesUITestsLaunchTests.swift in Sources */,
			);
			runOnlyForDeploymentPostprocessing = 0;
		};
/* End PBXSourcesBuildPhase section */

/* Begin PBXTargetDependency section */
		E2EC0CD92794CFFF00F38784 /* PBXTargetDependency */ = {
			isa = PBXTargetDependency;
			target = E2EC0CC02794CFFB00F38784 /* NYTimesArticles */;
			targetProxy = E2EC0CD82794CFFF00F38784 /* PBXContainerItemProxy */;
		};
		E2EC0CE32794CFFF00F38784 /* PBXTargetDependency */ = {
			isa = PBXTargetDependency;
			target = E2EC0CC02794CFFB00F38784 /* NYTimesArticles */;
			targetProxy = E2EC0CE22794CFFF00F38784 /* PBXContainerItemProxy */;
		};
/* End PBXTargetDependency section */

/* Begin PBXVariantGroup section */
		E2EC0CCA2794CFFB00F38784 /* Main.storyboard */ = {
			isa = PBXVariantGroup;
			children = (
				E2EC0CCB2794CFFB00F38784 /* Base */,
			);
			name = Main.storyboard;
			sourceTree = "<group>";
		};
		E2EC0CCF2794CFFF00F38784 /* LaunchScreen.storyboard */ = {
			isa = PBXVariantGroup;
			children = (
				E2EC0CD02794CFFF00F38784 /* Base */,
			);
			name = LaunchScreen.storyboard;
			sourceTree = "<group>";
		};
/* End PBXVariantGroup section */

/* Begin XCBuildConfiguration section */
		E2EC0CE92794CFFF00F38784 /* Debug */ = {
			isa = XCBuildConfiguration;
			buildSettings = {
				ALWAYS_SEARCH_USER_PATHS = NO;
				CLANG_ANALYZER_NONNULL = YES;
				CLANG_ANALYZER_NUMBER_OBJECT_CONVERSION = YES_AGGRESSIVE;
				CLANG_CXX_LANGUAGE_STANDARD = "gnu++17";
				CLANG_CXX_LIBRARY = "libc++";
				CLANG_ENABLE_MODULES = YES;
				CLANG_ENABLE_OBJC_ARC = YES;
				CLANG_ENABLE_OBJC_WEAK = YES;
				CLANG_WARN_BLOCK_CAPTURE_AUTORELEASING = YES;
				CLANG_WARN_BOOL_CONVERSION = YES;
				CLANG_WARN_COMMA = YES;
				CLANG_WARN_CONSTANT_CONVERSION = YES;
				CLANG_WARN_DEPRECATED_OBJC_IMPLEMENTATIONS = YES;
				CLANG_WARN_DIRECT_OBJC_ISA_USAGE = YES_ERROR;
				CLANG_WARN_DOCUMENTATION_COMMENTS = YES;
				CLANG_WARN_EMPTY_BODY = YES;
				CLANG_WARN_ENUM_CONVERSION = YES;
				CLANG_WARN_INFINITE_RECURSION = YES;
				CLANG_WARN_INT_CONVERSION = YES;
				CLANG_WARN_NON_LITERAL_NULL_CONVERSION = YES;
				CLANG_WARN_OBJC_IMPLICIT_RETAIN_SELF = YES;
				CLANG_WARN_OBJC_LITERAL_CONVERSION = YES;
				CLANG_WARN_OBJC_ROOT_CLASS = YES_ERROR;
				CLANG_WARN_QUOTED_INCLUDE_IN_FRAMEWORK_HEADER = YES;
				CLANG_WARN_RANGE_LOOP_ANALYSIS = YES;
				CLANG_WARN_STRICT_PROTOTYPES = YES;
				CLANG_WARN_SUSPICIOUS_MOVE = YES;
				CLANG_WARN_UNGUARDED_AVAILABILITY = YES_AGGRESSIVE;
				CLANG_WARN_UNREACHABLE_CODE = YES;
				CLANG_WARN__DUPLICATE_METHOD_MATCH = YES;
				COPY_PHASE_STRIP = NO;
				DEBUG_INFORMATION_FORMAT = dwarf;
				ENABLE_STRICT_OBJC_MSGSEND = YES;
				ENABLE_TESTABILITY = YES;
				GCC_C_LANGUAGE_STANDARD = gnu11;
				GCC_DYNAMIC_NO_PIC = NO;
				GCC_NO_COMMON_BLOCKS = YES;
				GCC_OPTIMIZATION_LEVEL = 0;
				GCC_PREPROCESSOR_DEFINITIONS = (
					"DEBUG=1",
					"$(inherited)",
				);
				GCC_WARN_64_TO_32_BIT_CONVERSION = YES;
				GCC_WARN_ABOUT_RETURN_TYPE = YES_ERROR;
				GCC_WARN_UNDECLARED_SELECTOR = YES;
				GCC_WARN_UNINITIALIZED_AUTOS = YES_AGGRESSIVE;
				GCC_WARN_UNUSED_FUNCTION = YES;
				GCC_WARN_UNUSED_VARIABLE = YES;
				IPHONEOS_DEPLOYMENT_TARGET = 15.0;
				MTL_ENABLE_DEBUG_INFO = INCLUDE_SOURCE;
				MTL_FAST_MATH = YES;
				ONLY_ACTIVE_ARCH = YES;
				SDKROOT = iphoneos;
				SWIFT_ACTIVE_COMPILATION_CONDITIONS = DEBUG;
				SWIFT_OPTIMIZATION_LEVEL = "-Onone";
			};
			name = Debug;
		};
		E2EC0CEA2794CFFF00F38784 /* Release */ = {
			isa = XCBuildConfiguration;
			buildSettings = {
				ALWAYS_SEARCH_USER_PATHS = NO;
				CLANG_ANALYZER_NONNULL = YES;
				CLANG_ANALYZER_NUMBER_OBJECT_CONVERSION = YES_AGGRESSIVE;
				CLANG_CXX_LANGUAGE_STANDARD = "gnu++17";
				CLANG_CXX_LIBRARY = "libc++";
				CLANG_ENABLE_MODULES = YES;
				CLANG_ENABLE_OBJC_ARC = YES;
				CLANG_ENABLE_OBJC_WEAK = YES;
				CLANG_WARN_BLOCK_CAPTURE_AUTORELEASING = YES;
				CLANG_WARN_BOOL_CONVERSION = YES;
				CLANG_WARN_COMMA = YES;
				CLANG_WARN_CONSTANT_CONVERSION = YES;
				CLANG_WARN_DEPRECATED_OBJC_IMPLEMENTATIONS = YES;
				CLANG_WARN_DIRECT_OBJC_ISA_USAGE = YES_ERROR;
				CLANG_WARN_DOCUMENTATION_COMMENTS = YES;
				CLANG_WARN_EMPTY_BODY = YES;
				CLANG_WARN_ENUM_CONVERSION = YES;
				CLANG_WARN_INFINITE_RECURSION = YES;
				CLANG_WARN_INT_CONVERSION = YES;
				CLANG_WARN_NON_LITERAL_NULL_CONVERSION = YES;
				CLANG_WARN_OBJC_IMPLICIT_RETAIN_SELF = YES;
				CLANG_WARN_OBJC_LITERAL_CONVERSION = YES;
				CLANG_WARN_OBJC_ROOT_CLASS = YES_ERROR;
				CLANG_WARN_QUOTED_INCLUDE_IN_FRAMEWORK_HEADER = YES;
				CLANG_WARN_RANGE_LOOP_ANALYSIS = YES;
				CLANG_WARN_STRICT_PROTOTYPES = YES;
				CLANG_WARN_SUSPICIOUS_MOVE = YES;
				CLANG_WARN_UNGUARDED_AVAILABILITY = YES_AGGRESSIVE;
				CLANG_WARN_UNREACHABLE_CODE = YES;
				CLANG_WARN__DUPLICATE_METHOD_MATCH = YES;
				COPY_PHASE_STRIP = NO;
				DEBUG_INFORMATION_FORMAT = "dwarf-with-dsym";
				ENABLE_NS_ASSERTIONS = NO;
				ENABLE_STRICT_OBJC_MSGSEND = YES;
				GCC_C_LANGUAGE_STANDARD = gnu11;
				GCC_NO_COMMON_BLOCKS = YES;
				GCC_WARN_64_TO_32_BIT_CONVERSION = YES;
				GCC_WARN_ABOUT_RETURN_TYPE = YES_ERROR;
				GCC_WARN_UNDECLARED_SELECTOR = YES;
				GCC_WARN_UNINITIALIZED_AUTOS = YES_AGGRESSIVE;
				GCC_WARN_UNUSED_FUNCTION = YES;
				GCC_WARN_UNUSED_VARIABLE = YES;
				IPHONEOS_DEPLOYMENT_TARGET = 15.0;
				MTL_ENABLE_DEBUG_INFO = NO;
				MTL_FAST_MATH = YES;
				SDKROOT = iphoneos;
				SWIFT_COMPILATION_MODE = wholemodule;
				SWIFT_OPTIMIZATION_LEVEL = "-O";
				VALIDATE_PRODUCT = YES;
			};
			name = Release;
		};
		E2EC0CEC2794CFFF00F38784 /* Debug */ = {
			isa = XCBuildConfiguration;
			buildSettings = {
				ASSETCATALOG_COMPILER_APPICON_NAME = AppIcon;
				ASSETCATALOG_COMPILER_GLOBAL_ACCENT_COLOR_NAME = AccentColor;
				CODE_SIGN_STYLE = Automatic;
				CURRENT_PROJECT_VERSION = 1;
				DEVELOPMENT_TEAM = 694FHN4V7Q;
				GENERATE_INFOPLIST_FILE = YES;
				INFOPLIST_FILE = NYTimesArticles/Info.plist;
				INFOPLIST_KEY_UIApplicationSupportsIndirectInputEvents = YES;
				INFOPLIST_KEY_UILaunchStoryboardName = LaunchScreen;
				INFOPLIST_KEY_UIMainStoryboardFile = Main;
				INFOPLIST_KEY_UISupportedInterfaceOrientations_iPad = "UIInterfaceOrientationPortrait UIInterfaceOrientationPortraitUpsideDown UIInterfaceOrientationLandscapeLeft UIInterfaceOrientationLandscapeRight";
				INFOPLIST_KEY_UISupportedInterfaceOrientations_iPhone = "UIInterfaceOrientationPortrait UIInterfaceOrientationLandscapeLeft UIInterfaceOrientationLandscapeRight";
				LD_RUNPATH_SEARCH_PATHS = (
					"$(inherited)",
					"@executable_path/Frameworks",
				);
				MARKETING_VERSION = 1.0;
				PRODUCT_BUNDLE_IDENTIFIER = com.Ramadan.NYTimesArticles;
				PRODUCT_NAME = "$(TARGET_NAME)";
				SWIFT_EMIT_LOC_STRINGS = YES;
				SWIFT_VERSION = 5.0;
				TARGETED_DEVICE_FAMILY = "1,2";
			};
			name = Debug;
		};
		E2EC0CED2794CFFF00F38784 /* Release */ = {
			isa = XCBuildConfiguration;
			buildSettings = {
				ASSETCATALOG_COMPILER_APPICON_NAME = AppIcon;
				ASSETCATALOG_COMPILER_GLOBAL_ACCENT_COLOR_NAME = AccentColor;
				CODE_SIGN_STYLE = Automatic;
				CURRENT_PROJECT_VERSION = 1;
				DEVELOPMENT_TEAM = 694FHN4V7Q;
				GENERATE_INFOPLIST_FILE = YES;
				INFOPLIST_FILE = NYTimesArticles/Info.plist;
				INFOPLIST_KEY_UIApplicationSupportsIndirectInputEvents = YES;
				INFOPLIST_KEY_UILaunchStoryboardName = LaunchScreen;
				INFOPLIST_KEY_UIMainStoryboardFile = Main;
				INFOPLIST_KEY_UISupportedInterfaceOrientations_iPad = "UIInterfaceOrientationPortrait UIInterfaceOrientationPortraitUpsideDown UIInterfaceOrientationLandscapeLeft UIInterfaceOrientationLandscapeRight";
				INFOPLIST_KEY_UISupportedInterfaceOrientations_iPhone = "UIInterfaceOrientationPortrait UIInterfaceOrientationLandscapeLeft UIInterfaceOrientationLandscapeRight";
				LD_RUNPATH_SEARCH_PATHS = (
					"$(inherited)",
					"@executable_path/Frameworks",
				);
				MARKETING_VERSION = 1.0;
				PRODUCT_BUNDLE_IDENTIFIER = com.Ramadan.NYTimesArticles;
				PRODUCT_NAME = "$(TARGET_NAME)";
				SWIFT_EMIT_LOC_STRINGS = YES;
				SWIFT_VERSION = 5.0;
				TARGETED_DEVICE_FAMILY = "1,2";
			};
			name = Release;
		};
		E2EC0CEF2794CFFF00F38784 /* Debug */ = {
			isa = XCBuildConfiguration;
			buildSettings = {
				ALWAYS_EMBED_SWIFT_STANDARD_LIBRARIES = YES;
				BUNDLE_LOADER = "$(TEST_HOST)";
				CODE_SIGN_STYLE = Automatic;
				CURRENT_PROJECT_VERSION = 1;
				DEVELOPMENT_TEAM = 694FHN4V7Q;
				GENERATE_INFOPLIST_FILE = YES;
				IPHONEOS_DEPLOYMENT_TARGET = 15.0;
				LD_RUNPATH_SEARCH_PATHS = (
					"$(inherited)",
					"@executable_path/Frameworks",
					"@loader_path/Frameworks",
				);
				MARKETING_VERSION = 1.0;
				PRODUCT_BUNDLE_IDENTIFIER = com.Ramadan.NYTimesArticlesTests;
				PRODUCT_NAME = "$(TARGET_NAME)";
				SWIFT_EMIT_LOC_STRINGS = NO;
				SWIFT_VERSION = 5.0;
				TARGETED_DEVICE_FAMILY = "1,2";
				TEST_HOST = "$(BUILT_PRODUCTS_DIR)/NYTimesArticles.app/NYTimesArticles";
			};
			name = Debug;
		};
		E2EC0CF02794CFFF00F38784 /* Release */ = {
			isa = XCBuildConfiguration;
			buildSettings = {
				ALWAYS_EMBED_SWIFT_STANDARD_LIBRARIES = YES;
				BUNDLE_LOADER = "$(TEST_HOST)";
				CODE_SIGN_STYLE = Automatic;
				CURRENT_PROJECT_VERSION = 1;
				DEVELOPMENT_TEAM = 694FHN4V7Q;
				GENERATE_INFOPLIST_FILE = YES;
				IPHONEOS_DEPLOYMENT_TARGET = 15.0;
				LD_RUNPATH_SEARCH_PATHS = (
					"$(inherited)",
					"@executable_path/Frameworks",
					"@loader_path/Frameworks",
				);
				MARKETING_VERSION = 1.0;
				PRODUCT_BUNDLE_IDENTIFIER = com.Ramadan.NYTimesArticlesTests;
				PRODUCT_NAME = "$(TARGET_NAME)";
				SWIFT_EMIT_LOC_STRINGS = NO;
				SWIFT_VERSION = 5.0;
				TARGETED_DEVICE_FAMILY = "1,2";
				TEST_HOST = "$(BUILT_PRODUCTS_DIR)/NYTimesArticles.app/NYTimesArticles";
			};
			name = Release;
		};
		E2EC0CF22794CFFF00F38784 /* Debug */ = {
			isa = XCBuildConfiguration;
			buildSettings = {
				ALWAYS_EMBED_SWIFT_STANDARD_LIBRARIES = YES;
				CODE_SIGN_STYLE = Automatic;
				CURRENT_PROJECT_VERSION = 1;
				DEVELOPMENT_TEAM = 694FHN4V7Q;
				GENERATE_INFOPLIST_FILE = YES;
				LD_RUNPATH_SEARCH_PATHS = (
					"$(inherited)",
					"@executable_path/Frameworks",
					"@loader_path/Frameworks",
				);
				MARKETING_VERSION = 1.0;
				PRODUCT_BUNDLE_IDENTIFIER = com.Ramadan.NYTimesArticlesUITests;
				PRODUCT_NAME = "$(TARGET_NAME)";
				SWIFT_EMIT_LOC_STRINGS = NO;
				SWIFT_VERSION = 5.0;
				TARGETED_DEVICE_FAMILY = "1,2";
				TEST_TARGET_NAME = NYTimesArticles;
			};
			name = Debug;
		};
		E2EC0CF32794CFFF00F38784 /* Release */ = {
			isa = XCBuildConfiguration;
			buildSettings = {
				ALWAYS_EMBED_SWIFT_STANDARD_LIBRARIES = YES;
				CODE_SIGN_STYLE = Automatic;
				CURRENT_PROJECT_VERSION = 1;
				DEVELOPMENT_TEAM = 694FHN4V7Q;
				GENERATE_INFOPLIST_FILE = YES;
				LD_RUNPATH_SEARCH_PATHS = (
					"$(inherited)",
					"@executable_path/Frameworks",
					"@loader_path/Frameworks",
				);
				MARKETING_VERSION = 1.0;
				PRODUCT_BUNDLE_IDENTIFIER = com.Ramadan.NYTimesArticlesUITests;
				PRODUCT_NAME = "$(TARGET_NAME)";
				SWIFT_EMIT_LOC_STRINGS = NO;
				SWIFT_VERSION = 5.0;
				TARGETED_DEVICE_FAMILY = "1,2";
				TEST_TARGET_NAME = NYTimesArticles;
			};
			name = Release;
		};
/* End XCBuildConfiguration section */

/* Begin XCConfigurationList section */
		E2EC0CBC2794CFFB00F38784 /* Build configuration list for PBXProject "NYTimesArticles" */ = {
			isa = XCConfigurationList;
			buildConfigurations = (
				E2EC0CE92794CFFF00F38784 /* Debug */,
				E2EC0CEA2794CFFF00F38784 /* Release */,
			);
			defaultConfigurationIsVisible = 0;
			defaultConfigurationName = Release;
		};
		E2EC0CEB2794CFFF00F38784 /* Build configuration list for PBXNativeTarget "NYTimesArticles" */ = {
			isa = XCConfigurationList;
			buildConfigurations = (
				E2EC0CEC2794CFFF00F38784 /* Debug */,
				E2EC0CED2794CFFF00F38784 /* Release */,
			);
			defaultConfigurationIsVisible = 0;
			defaultConfigurationName = Release;
		};
		E2EC0CEE2794CFFF00F38784 /* Build configuration list for PBXNativeTarget "NYTimesArticlesTests" */ = {
			isa = XCConfigurationList;
			buildConfigurations = (
				E2EC0CEF2794CFFF00F38784 /* Debug */,
				E2EC0CF02794CFFF00F38784 /* Release */,
			);
			defaultConfigurationIsVisible = 0;
			defaultConfigurationName = Release;
		};
		E2EC0CF12794CFFF00F38784 /* Build configuration list for PBXNativeTarget "NYTimesArticlesUITests" */ = {
			isa = XCConfigurationList;
			buildConfigurations = (
				E2EC0CF22794CFFF00F38784 /* Debug */,
				E2EC0CF32794CFFF00F38784 /* Release */,
			);
			defaultConfigurationIsVisible = 0;
			defaultConfigurationName = Release;
		};
/* End XCConfigurationList section */

/* Begin XCRemoteSwiftPackageReference section */
		E261DDC12795B9440053A9C0 /* XCRemoteSwiftPackageReference "ObjectMapper" */ = {
			isa = XCRemoteSwiftPackageReference;
			repositoryURL = "https://github.com/tristanhimmelman/ObjectMapper.git";
			requirement = {
				kind = upToNextMajorVersion;
				minimumVersion = 4.0.0;
			};
		};
		E2EC0CF42794D39300F38784 /* XCRemoteSwiftPackageReference "RxSwift" */ = {
			isa = XCRemoteSwiftPackageReference;
			repositoryURL = "https://github.com/ReactiveX/RxSwift.git";
			requirement = {
				kind = upToNextMajorVersion;
				minimumVersion = 6.0.0;
			};
		};
		E2EC0CF92794D3AE00F38784 /* XCRemoteSwiftPackageReference "Alamofire" */ = {
			isa = XCRemoteSwiftPackageReference;
			repositoryURL = "https://github.com/Alamofire/Alamofire.git";
			requirement = {
				kind = upToNextMajorVersion;
				minimumVersion = 5.0.0;
			};
		};
		E2EC0CFC2794D42400F38784 /* XCRemoteSwiftPackageReference "MBProgressHUD" */ = {
			isa = XCRemoteSwiftPackageReference;
			repositoryURL = "https://github.com/jdg/MBProgressHUD.git";
			requirement = {
				kind = upToNextMajorVersion;
				minimumVersion = 1.0.0;
			};
		};
		E2EC0CFF2794D47400F38784 /* XCRemoteSwiftPackageReference "Kingfisher" */ = {
			isa = XCRemoteSwiftPackageReference;
			repositoryURL = "https://github.com/onevcat/Kingfisher.git";
			requirement = {
				kind = upToNextMajorVersion;
				minimumVersion = 7.0.0;
			};
		};
/* End XCRemoteSwiftPackageReference section */

/* Begin XCSwiftPackageProductDependency section */
		E261DDC22795B9440053A9C0 /* ObjectMapper */ = {
			isa = XCSwiftPackageProductDependency;
			package = E261DDC12795B9440053A9C0 /* XCRemoteSwiftPackageReference "ObjectMapper" */;
			productName = ObjectMapper;
		};
		E2EC0CF52794D39300F38784 /* RxCocoa */ = {
			isa = XCSwiftPackageProductDependency;
			package = E2EC0CF42794D39300F38784 /* XCRemoteSwiftPackageReference "RxSwift" */;
			productName = RxCocoa;
		};
		E2EC0CF72794D39300F38784 /* RxSwift */ = {
			isa = XCSwiftPackageProductDependency;
			package = E2EC0CF42794D39300F38784 /* XCRemoteSwiftPackageReference "RxSwift" */;
			productName = RxSwift;
		};
		E2EC0CFA2794D3AE00F38784 /* Alamofire */ = {
			isa = XCSwiftPackageProductDependency;
			package = E2EC0CF92794D3AE00F38784 /* XCRemoteSwiftPackageReference "Alamofire" */;
			productName = Alamofire;
		};
		E2EC0CFD2794D42400F38784 /* MBProgressHUD */ = {
			isa = XCSwiftPackageProductDependency;
			package = E2EC0CFC2794D42400F38784 /* XCRemoteSwiftPackageReference "MBProgressHUD" */;
			productName = MBProgressHUD;
		};
		E2EC0D002794D47400F38784 /* Kingfisher */ = {
			isa = XCSwiftPackageProductDependency;
			package = E2EC0CFF2794D47400F38784 /* XCRemoteSwiftPackageReference "Kingfisher" */;
			productName = Kingfisher;
		};
/* End XCSwiftPackageProductDependency section */
	};
	rootObject = E2EC0CB92794CFFB00F38784 /* Project object */;
}
